
Microsoft Visual Studio Solution File, Format Version 12.00
# Visual Studio Version 17
VisualStudioVersion = 17.0.32112.339
MinimumVisualStudioVersion = 10.0.40219.1
Project("{FAE04EC0-301F-11D3-BF4B-00C04F79EFBC}") = "XamarinTutorial.Android", "XamarinTutorial\XamarinTutorial.Android\XamarinTutorial.Android.csproj", "{CCCC3D76-09CA-4996-8527-F67E22E26176}"
EndProject
Project("{FAE04EC0-301F-11D3-BF4B-00C04F79EFBC}") = "XamarinTutorial.iOS", "XamarinTutorial\XamarinTutorial.iOS\XamarinTutorial.iOS.csproj", "{3DFC3506-DD84-40B5-BC10-CCFF43B0C54F}"
EndProject
Project("{FAE04EC0-301F-11D3-BF4B-00C04F79EFBC}") = "XamarinTutorial", "XamarinTutorial\XamarinTutorial\XamarinTutorial.csproj", "{4D93FA4B-D207-4093-AA40-C7F9A909218B}"
EndProject
Global
	GlobalSection(SolutionConfigurationPlatforms) = preSolution
		Debug|Any CPU = Debug|Any CPU
		Debug|iPhone = Debug|iPhone
		Debug|iPhoneSimulator = Debug|iPhoneSimulator
		Release|Any CPU = Release|Any CPU
		Release|iPhone = Release|iPhone
		Release|iPhoneSimulator = Release|iPhoneSimulator
	EndGlobalSection
	GlobalSection(ProjectConfigurationPlatforms) = postSolution
		{CCCC3D76-09CA-4996-8527-F67E22E26176}.Debug|Any CPU.ActiveCfg = Debug|Any CPU
		{CCCC3D76-09CA-4996-8527-F67E22E26176}.Debug|Any CPU.Build.0 = Debug|Any CPU
		{CCCC3D76-09CA-4996-8527-F67E22E26176}.Debug|Any CPU.Deploy.0 = Debug|Any CPU
		{CCCC3D76-09CA-4996-8527-F67E22E26176}.Debug|iPhone.ActiveCfg = Debug|Any CPU
		{CCCC3D76-09CA-4996-8527-F67E22E26176}.Debug|iPhone.Build.0 = Debug|Any CPU
		{CCCC3D76-09CA-4996-8527-F67E22E26176}.Debug|iPhone.Deploy.0 = Debug|Any CPU
		{CCCC3D76-09CA-4996-8527-F67E22E26176}.Debug|iPhoneSimulator.ActiveCfg = Debug|Any CPU
		{CCCC3D76-09CA-4996-8527-F67E22E26176}.Debug|iPhoneSimulator.Build.0 = Debug|Any CPU
		{CCCC3D76-09CA-4996-8527-F67E22E26176}.Debug|iPhoneSimulator.Deploy.0 = Debug|Any CPU
		{CCCC3D76-09CA-4996-8527-F67E22E26176}.Release|Any CPU.ActiveCfg = Release|Any CPU
		{CCCC3D76-09CA-4996-8527-F67E22E26176}.Release|Any CPU.Build.0 = Release|Any CPU
		{CCCC3D76-09CA-4996-8527-F67E22E26176}.Release|Any CPU.Deploy.0 = Release|Any CPU
		{CCCC3D76-09CA-4996-8527-F67E22E26176}.Release|iPhone.ActiveCfg = Release|Any CPU
		{CCCC3D76-09CA-4996-8527-F67E22E26176}.Release|iPhone.Build.0 = Release|Any CPU
		{CCCC3D76-09CA-4996-8527-F67E22E26176}.Release|iPhone.Deploy.0 = Release|Any CPU
		{CCCC3D76-09CA-4996-8527-F67E22E26176}.Release|iPhoneSimulator.ActiveCfg = Release|Any CPU
		{CCCC3D76-09CA-4996-8527-F67E22E26176}.Release|iPhoneSimulator.Build.0 = Release|Any CPU
		{CCCC3D76-09CA-4996-8527-F67E22E26176}.Release|iPhoneSimulator.Deploy.0 = Release|Any CPU
		{3DFC3506-DD84-40B5-BC10-CCFF43B0C54F}.Debug|Any CPU.ActiveCfg = Debug|iPhone
		{3DFC3506-DD84-40B5-BC10-CCFF43B0C54F}.Debug|Any CPU.Build.0 = Debug|iPhone
		{3DFC3506-DD84-40B5-BC10-CCFF43B0C54F}.Debug|Any CPU.Deploy.0 = Debug|iPhone
		{3DFC3506-DD84-40B5-BC10-CCFF43B0C54F}.Debug|iPhone.ActiveCfg = Debug|iPhone
		{3DFC3506-DD84-40B5-BC10-CCFF43B0C54F}.Debug|iPhone.Build.0 = Debug|iPhone
		{3DFC3506-DD84-40B5-BC10-CCFF43B0C54F}.Debug|iPhone.Deploy.0 = Debug|iPhone
		{3DFC3506-DD84-40B5-BC10-CCFF43B0C54F}.Debug|iPhoneSimulator.ActiveCfg = Debug|iPhoneSimulator
		{3DFC3506-DD84-40B5-BC10-CCFF43B0C54F}.Debug|iPhoneSimulator.Build.0 = Debug|iPhoneSimulator
		{3DFC3506-DD84-40B5-BC10-CCFF43B0C54F}.Debug|iPhoneSimulator.Deploy.0 = Debug|iPhoneSimulator
		{3DFC3506-DD84-40B5-BC10-CCFF43B0C54F}.Release|Any CPU.ActiveCfg = Release|iPhoneSimulator
		{3DFC3506-DD84-40B5-BC10-CCFF43B0C54F}.Release|Any CPU.Build.0 = Release|iPhoneSimulator
		{3DFC3506-DD84-40B5-BC10-CCFF43B0C54F}.Release|Any CPU.Deploy.0 = Release|iPhoneSimulator
		{3DFC3506-DD84-40B5-BC10-CCFF43B0C54F}.Release|iPhone.ActiveCfg = Release|iPhone
		{3DFC3506-DD84-40B5-BC10-CCFF43B0C54F}.Release|iPhone.Build.0 = Release|iPhone
		{3DFC3506-DD84-40B5-BC10-CCFF43B0C54F}.Release|iPhone.Deploy.0 = Release|iPhone
		{3DFC3506-DD84-40B5-BC10-CCFF43B0C54F}.Release|iPhoneSimulator.ActiveCfg = Release|iPhoneSimulator
		{3DFC3506-DD84-40B5-BC10-CCFF43B0C54F}.Release|iPhoneSimulator.Build.0 = Release|iPhoneSimulator
		{3DFC3506-DD84-40B5-BC10-CCFF43B0C54F}.Release|iPhoneSimulator.Deploy.0 = Release|iPhoneSimulator
		{4D93FA4B-D207-4093-AA40-C7F9A909218B}.Debug|Any CPU.ActiveCfg = Debug|Any CPU
		{4D93FA4B-D207-4093-AA40-C7F9A909218B}.Debug|Any CPU.Build.0 = Debug|Any CPU
		{4D93FA4B-D207-4093-AA40-C7F9A909218B}.Debug|Any CPU.Deploy.0 = Debug|Any CPU
		{4D93FA4B-D207-4093-AA40-C7F9A909218B}.Debug|iPhone.ActiveCfg = Debug|Any CPU
		{4D93FA4B-D207-4093-AA40-C7F9A909218B}.Debug|iPhone.Build.0 = Debug|Any CPU
		{4D93FA4B-D207-4093-AA40-C7F9A909218B}.Debug|iPhone.Deploy.0 = Debug|Any CPU
		{4D93FA4B-D207-4093-AA40-C7F9A909218B}.Debug|iPhoneSimulator.ActiveCfg = Debug|Any CPU
		{4D93FA4B-D207-4093-AA40-C7F9A909218B}.Debug|iPhoneSimulator.Build.0 = Debug|Any CPU
		{4D93FA4B-D207-4093-AA40-C7F9A909218B}.Debug|iPhoneSimulator.Deploy.0 = Debug|Any CPU
		{4D93FA4B-D207-4093-AA40-C7F9A909218B}.Release|Any CPU.ActiveCfg = Release|Any CPU
		{4D93FA4B-D207-4093-AA40-C7F9A909218B}.Release|Any CPU.Build.0 = Release|Any CPU
		{4D93FA4B-D207-4093-AA40-C7F9A909218B}.Release|Any CPU.Deploy.0 = Release|Any CPU
		{4D93FA4B-D207-4093-AA40-C7F9A909218B}.Release|iPhone.ActiveCfg = Release|Any CPU
		{4D93FA4B-D207-4093-AA40-C7F9A909218B}.Release|iPhone.Build.0 = Release|Any CPU
		{4D93FA4B-D207-4093-AA40-C7F9A909218B}.Release|iPhone.Deploy.0 = Release|Any CPU
		{4D93FA4B-D207-4093-AA40-C7F9A909218B}.Release|iPhoneSimulator.ActiveCfg = Release|Any CPU
		{4D93FA4B-D207-4093-AA40-C7F9A909218B}.Release|iPhoneSimulator.Build.0 = Release|Any CPU
		{4D93FA4B-D207-4093-AA40-C7F9A909218B}.Release|iPhoneSimulator.Deploy.0 = Release|Any CPU
	EndGlobalSection
	GlobalSection(SolutionProperties) = preSolution
		HideSolutionNode = FALSE
	EndGlobalSection
	GlobalSection(ExtensibilityGlobals) = postSolution
		SolutionGuid = {48B896CA-B696-452C-BA1B-7CF8B8E115B9}
	EndGlobalSection
EndGlobal
